
Microsoft Visual Studio Solution File, Format Version 12.00
# Visual Studio Version 16
VisualStudioVersion = 16.0.31605.320
MinimumVisualStudioVersion = 10.0.40219.1
Project("{9A19103F-16F7-4668-BE54-9A1E7A4F7556}") = "Bussines", "Bussines\Bussines.csproj", "{51CEE7A4-4B74-4454-8223-90CF6D4E359A}"
EndProject
Project("{9A19103F-16F7-4668-BE54-9A1E7A4F7556}") = "DataAccess", "DataAccess\DataAccess.csproj", "{24243993-7817-4EB2-AA6D-92B6213329D1}"
EndProject
Project("{9A19103F-16F7-4668-BE54-9A1E7A4F7556}") = "Entities", "Entities\Entities.csproj", "{61235741-65F8-459F-8088-58ACADC5515C}"
EndProject
Project("{9A19103F-16F7-4668-BE54-9A1E7A4F7556}") = "WebAPI", "WebAPI\WebAPI.csproj", "{97A5BEF2-8FE8-421D-899E-FCCD6FDC3F57}"
EndProject
Project("{9A19103F-16F7-4668-BE54-9A1E7A4F7556}") = "WebAPICoreMvc", "WebAPICoreMvc\WebAPICoreMvc.csproj", "{693A85AF-EF71-4D1C-9A71-69A393B1C780}"
EndProject
Project("{FAE04EC0-301F-11D3-BF4B-00C04F79EFBC}") = "WebAPIWindowsForm", "WebAPIWindowsForm\WebAPIWindowsForm.csproj", "{E9A6F3F1-C4DA-4398-984F-AD1710DE2BB1}"
EndProject
Global
	GlobalSection(SolutionConfigurationPlatforms) = preSolution
		Debug|Any CPU = Debug|Any CPU
		Release|Any CPU = Release|Any CPU
	EndGlobalSection
	GlobalSection(ProjectConfigurationPlatforms) = postSolution
		{51CEE7A4-4B74-4454-8223-90CF6D4E359A}.Debug|Any CPU.ActiveCfg = Debug|Any CPU
		{51CEE7A4-4B74-4454-8223-90CF6D4E359A}.Debug|Any CPU.Build.0 = Debug|Any CPU
		{51CEE7A4-4B74-4454-8223-90CF6D4E359A}.Release|Any CPU.ActiveCfg = Release|Any CPU
		{51CEE7A4-4B74-4454-8223-90CF6D4E359A}.Release|Any CPU.Build.0 = Release|Any CPU
		{24243993-7817-4EB2-AA6D-92B6213329D1}.Debug|Any CPU.ActiveCfg = Debug|Any CPU
		{24243993-7817-4EB2-AA6D-92B6213329D1}.Debug|Any CPU.Build.0 = Debug|Any CPU
		{24243993-7817-4EB2-AA6D-92B6213329D1}.Release|Any CPU.ActiveCfg = Release|Any CPU
		{24243993-7817-4EB2-AA6D-92B6213329D1}.Release|Any CPU.Build.0 = Release|Any CPU
		{61235741-65F8-459F-8088-58ACADC5515C}.Debug|Any CPU.ActiveCfg = Debug|Any CPU
		{61235741-65F8-459F-8088-58ACADC5515C}.Debug|Any CPU.Build.0 = Debug|Any CPU
		{61235741-65F8-459F-8088-58ACADC5515C}.Release|Any CPU.ActiveCfg = Release|Any CPU
		{61235741-65F8-459F-8088-58ACADC5515C}.Release|Any CPU.Build.0 = Release|Any CPU
		{97A5BEF2-8FE8-421D-899E-FCCD6FDC3F57}.Debug|Any CPU.ActiveCfg = Debug|Any CPU
		{97A5BEF2-8FE8-421D-899E-FCCD6FDC3F57}.Debug|Any CPU.Build.0 = Debug|Any CPU
		{97A5BEF2-8FE8-421D-899E-FCCD6FDC3F57}.Release|Any CPU.ActiveCfg = Release|Any CPU
		{97A5BEF2-8FE8-421D-899E-FCCD6FDC3F57}.Release|Any CPU.Build.0 = Release|Any CPU
		{693A85AF-EF71-4D1C-9A71-69A393B1C780}.Debug|Any CPU.ActiveCfg = Debug|Any CPU
		{693A85AF-EF71-4D1C-9A71-69A393B1C780}.Debug|Any CPU.Build.0 = Debug|Any CPU
		{693A85AF-EF71-4D1C-9A71-69A393B1C780}.Release|Any CPU.ActiveCfg = Release|Any CPU
		{693A85AF-EF71-4D1C-9A71-69A393B1C780}.Release|Any CPU.Build.0 = Release|Any CPU
		{E9A6F3F1-C4DA-4398-984F-AD1710DE2BB1}.Debug|Any CPU.ActiveCfg = Debug|Any CPU
		{E9A6F3F1-C4DA-4398-984F-AD1710DE2BB1}.Debug|Any CPU.Build.0 = Debug|Any CPU
		{E9A6F3F1-C4DA-4398-984F-AD1710DE2BB1}.Release|Any CPU.ActiveCfg = Release|Any CPU
		{E9A6F3F1-C4DA-4398-984F-AD1710DE2BB1}.Release|Any CPU.Build.0 = Release|Any CPU
	EndGlobalSection
	GlobalSection(SolutionProperties) = preSolution
		HideSolutionNode = FALSE
	EndGlobalSection
	GlobalSection(ExtensibilityGlobals) = postSolution
		SolutionGuid = {AE18A734-8C7D-43C1-91E3-B1BD84B9FD64}
	EndGlobalSection
EndGlobal
